
Microsoft Visual Studio Solution File, Format Version 12.00
# Visual Studio Version 16
VisualStudioVersion = 16.0.30804.86
MinimumVisualStudioVersion = 10.0.40219.1
Project("{FAE04EC0-301F-11D3-BF4B-00C04F79EFBC}") = "Core.Android", "Core\Core.Android\Core.Android.csproj", "{C1395E9F-6D8E-45F3-9E60-4A35FD21C6B1}"
EndProject
Project("{FAE04EC0-301F-11D3-BF4B-00C04F79EFBC}") = "Core.iOS", "Core\Core.iOS\Core.iOS.csproj", "{18729F7A-432C-4477-ACBB-8A6774E8F0CD}"
EndProject
Project("{FAE04EC0-301F-11D3-BF4B-00C04F79EFBC}") = "Core", "Core\Core\Core.csproj", "{D5B97699-F9C3-4618-AAFC-E9E96F5C15DE}"
EndProject
Global
	GlobalSection(SolutionConfigurationPlatforms) = preSolution
		Debug|Any CPU = Debug|Any CPU
		Debug|iPhone = Debug|iPhone
		Debug|iPhoneSimulator = Debug|iPhoneSimulator
		Release|Any CPU = Release|Any CPU
		Release|iPhone = Release|iPhone
		Release|iPhoneSimulator = Release|iPhoneSimulator
	EndGlobalSection
	GlobalSection(ProjectConfigurationPlatforms) = postSolution
		{C1395E9F-6D8E-45F3-9E60-4A35FD21C6B1}.Debug|Any CPU.ActiveCfg = Debug|Any CPU
		{C1395E9F-6D8E-45F3-9E60-4A35FD21C6B1}.Debug|Any CPU.Build.0 = Debug|Any CPU
		{C1395E9F-6D8E-45F3-9E60-4A35FD21C6B1}.Debug|Any CPU.Deploy.0 = Debug|Any CPU
		{C1395E9F-6D8E-45F3-9E60-4A35FD21C6B1}.Debug|iPhone.ActiveCfg = Debug|Any CPU
		{C1395E9F-6D8E-45F3-9E60-4A35FD21C6B1}.Debug|iPhone.Build.0 = Debug|Any CPU
		{C1395E9F-6D8E-45F3-9E60-4A35FD21C6B1}.Debug|iPhone.Deploy.0 = Debug|Any CPU
		{C1395E9F-6D8E-45F3-9E60-4A35FD21C6B1}.Debug|iPhoneSimulator.ActiveCfg = Debug|Any CPU
		{C1395E9F-6D8E-45F3-9E60-4A35FD21C6B1}.Debug|iPhoneSimulator.Build.0 = Debug|Any CPU
		{C1395E9F-6D8E-45F3-9E60-4A35FD21C6B1}.Debug|iPhoneSimulator.Deploy.0 = Debug|Any CPU
		{C1395E9F-6D8E-45F3-9E60-4A35FD21C6B1}.Release|Any CPU.ActiveCfg = Release|Any CPU
		{C1395E9F-6D8E-45F3-9E60-4A35FD21C6B1}.Release|Any CPU.Build.0 = Release|Any CPU
		{C1395E9F-6D8E-45F3-9E60-4A35FD21C6B1}.Release|Any CPU.Deploy.0 = Release|Any CPU
		{C1395E9F-6D8E-45F3-9E60-4A35FD21C6B1}.Release|iPhone.ActiveCfg = Release|Any CPU
		{C1395E9F-6D8E-45F3-9E60-4A35FD21C6B1}.Release|iPhone.Build.0 = Release|Any CPU
		{C1395E9F-6D8E-45F3-9E60-4A35FD21C6B1}.Release|iPhone.Deploy.0 = Release|Any CPU
		{C1395E9F-6D8E-45F3-9E60-4A35FD21C6B1}.Release|iPhoneSimulator.ActiveCfg = Release|Any CPU
		{C1395E9F-6D8E-45F3-9E60-4A35FD21C6B1}.Release|iPhoneSimulator.Build.0 = Release|Any CPU
		{C1395E9F-6D8E-45F3-9E60-4A35FD21C6B1}.Release|iPhoneSimulator.Deploy.0 = Release|Any CPU
		{18729F7A-432C-4477-ACBB-8A6774E8F0CD}.Debug|Any CPU.ActiveCfg = Debug|iPhone
		{18729F7A-432C-4477-ACBB-8A6774E8F0CD}.Debug|Any CPU.Build.0 = Debug|iPhone
		{18729F7A-432C-4477-ACBB-8A6774E8F0CD}.Debug|Any CPU.Deploy.0 = Debug|iPhone
		{18729F7A-432C-4477-ACBB-8A6774E8F0CD}.Debug|iPhone.ActiveCfg = Debug|iPhone
		{18729F7A-432C-4477-ACBB-8A6774E8F0CD}.Debug|iPhone.Build.0 = Debug|iPhone
		{18729F7A-432C-4477-ACBB-8A6774E8F0CD}.Debug|iPhone.Deploy.0 = Debug|iPhone
		{18729F7A-432C-4477-ACBB-8A6774E8F0CD}.Debug|iPhoneSimulator.ActiveCfg = Debug|iPhoneSimulator
		{18729F7A-432C-4477-ACBB-8A6774E8F0CD}.Debug|iPhoneSimulator.Build.0 = Debug|iPhoneSimulator
		{18729F7A-432C-4477-ACBB-8A6774E8F0CD}.Debug|iPhoneSimulator.Deploy.0 = Debug|iPhoneSimulator
		{18729F7A-432C-4477-ACBB-8A6774E8F0CD}.Release|Any CPU.ActiveCfg = Release|iPhoneSimulator
		{18729F7A-432C-4477-ACBB-8A6774E8F0CD}.Release|Any CPU.Build.0 = Release|iPhoneSimulator
		{18729F7A-432C-4477-ACBB-8A6774E8F0CD}.Release|Any CPU.Deploy.0 = Release|iPhoneSimulator
		{18729F7A-432C-4477-ACBB-8A6774E8F0CD}.Release|iPhone.ActiveCfg = Release|iPhone
		{18729F7A-432C-4477-ACBB-8A6774E8F0CD}.Release|iPhone.Build.0 = Release|iPhone
		{18729F7A-432C-4477-ACBB-8A6774E8F0CD}.Release|iPhone.Deploy.0 = Release|iPhone
		{18729F7A-432C-4477-ACBB-8A6774E8F0CD}.Release|iPhoneSimulator.ActiveCfg = Release|iPhoneSimulator
		{18729F7A-432C-4477-ACBB-8A6774E8F0CD}.Release|iPhoneSimulator.Build.0 = Release|iPhoneSimulator
		{18729F7A-432C-4477-ACBB-8A6774E8F0CD}.Release|iPhoneSimulator.Deploy.0 = Release|iPhoneSimulator
		{D5B97699-F9C3-4618-AAFC-E9E96F5C15DE}.Debug|Any CPU.ActiveCfg = Debug|Any CPU
		{D5B97699-F9C3-4618-AAFC-E9E96F5C15DE}.Debug|Any CPU.Build.0 = Debug|Any CPU
		{D5B97699-F9C3-4618-AAFC-E9E96F5C15DE}.Debug|Any CPU.Deploy.0 = Debug|Any CPU
		{D5B97699-F9C3-4618-AAFC-E9E96F5C15DE}.Debug|iPhone.ActiveCfg = Debug|Any CPU
		{D5B97699-F9C3-4618-AAFC-E9E96F5C15DE}.Debug|iPhone.Build.0 = Debug|Any CPU
		{D5B97699-F9C3-4618-AAFC-E9E96F5C15DE}.Debug|iPhone.Deploy.0 = Debug|Any CPU
		{D5B97699-F9C3-4618-AAFC-E9E96F5C15DE}.Debug|iPhoneSimulator.ActiveCfg = Debug|Any CPU
		{D5B97699-F9C3-4618-AAFC-E9E96F5C15DE}.Debug|iPhoneSimulator.Build.0 = Debug|Any CPU
		{D5B97699-F9C3-4618-AAFC-E9E96F5C15DE}.Debug|iPhoneSimulator.Deploy.0 = Debug|Any CPU
		{D5B97699-F9C3-4618-AAFC-E9E96F5C15DE}.Release|Any CPU.ActiveCfg = Release|Any CPU
		{D5B97699-F9C3-4618-AAFC-E9E96F5C15DE}.Release|Any CPU.Build.0 = Release|Any CPU
		{D5B97699-F9C3-4618-AAFC-E9E96F5C15DE}.Release|Any CPU.Deploy.0 = Release|Any CPU
		{D5B97699-F9C3-4618-AAFC-E9E96F5C15DE}.Release|iPhone.ActiveCfg = Release|Any CPU
		{D5B97699-F9C3-4618-AAFC-E9E96F5C15DE}.Release|iPhone.Build.0 = Release|Any CPU
		{D5B97699-F9C3-4618-AAFC-E9E96F5C15DE}.Release|iPhone.Deploy.0 = Release|Any CPU
		{D5B97699-F9C3-4618-AAFC-E9E96F5C15DE}.Release|iPhoneSimulator.ActiveCfg = Release|Any CPU
		{D5B97699-F9C3-4618-AAFC-E9E96F5C15DE}.Release|iPhoneSimulator.Build.0 = Release|Any CPU
		{D5B97699-F9C3-4618-AAFC-E9E96F5C15DE}.Release|iPhoneSimulator.Deploy.0 = Release|Any CPU
	EndGlobalSection
	GlobalSection(SolutionProperties) = preSolution
		HideSolutionNode = FALSE
	EndGlobalSection
	GlobalSection(ExtensibilityGlobals) = postSolution
		SolutionGuid = {132D3E59-C318-4E23-9579-2F87A2898439}
	EndGlobalSection
EndGlobal
